{
  "name": "klovys99",
  "version": "0.1.0",
  "lockfileVersion": 3,
  "requires": true,
  "packages": {
    "": {
      "name": "klovys99",
      "version": "0.1.0",
      "hasInstallScript": true,
      "license": "MIT",
      "dependencies": {
        "klovys99": "^0.1.0-main.9"
      },
      "bin": {
        "klovis": "npm/cli.js",
        "klovys99": "npm/cli.js"
      }
    },
    "node_modules/klovys99": {
      "version": "0.1.0-main.9",
      "resolved": "https://registry.npmjs.org/klovys99/-/klovys99-0.1.0-main.9.tgz",
      "integrity": "sha512-IjZ0jRpiAb0J3eTU6ss1x8VznEoVtqHofDza3z5r8vc9A2nAjIIjte7n48KW77Ru9M2/7tv04/zG6NXlTTEH5Q==",
      "hasInstallScript": true,
      "license": "MIT",
      "bin": {
        "klovis": "npm/cli.js",
        "klovys99": "npm/cli.js"
      }
    }
  }
}
