{
  "name": "klovys99",
  "version": "0.1.0",
  "lockfileVersion": 3,
  "requires": true,
  "packages": {
    "": {
      "name": "klovys99",
      "version": "0.1.0",
      "hasInstallScript": true,
      "license": "MIT",
      "bin": {
        "klovis": "npm/cli.js",
        "klovys99": "npm/cli.js"
      }
    }
  }
}
